
Microsoft Visual Studio Solution File, Format Version 12.00
# Visual Studio Version 17
VisualStudioVersion = 17.9.34728.123
MinimumVisualStudioVersion = 10.0.40219.1
Project("{FAE04EC0-301F-11D3-BF4B-00C04F79EFBC}") = "Calculator", "Calculator\Calculator.csproj", "{BF38791D-C033-43B9-A2B4-E9B42B055443}"
EndProject
Global
	GlobalSection(SolutionConfigurationPlatforms) = preSolution
		Debug|Any CPU = Debug|Any CPU
		Release|Any CPU = Release|Any CPU
	EndGlobalSection
	GlobalSection(ProjectConfigurationPlatforms) = postSolution
		{BF38791D-C033-43B9-A2B4-E9B42B055443}.Debug|Any CPU.ActiveCfg = Debug|Any CPU
		{BF38791D-C033-43B9-A2B4-E9B42B055443}.Debug|Any CPU.Build.0 = Debug|Any CPU
		{BF38791D-C033-43B9-A2B4-E9B42B055443}.Release|Any CPU.ActiveCfg = Release|Any CPU
		{BF38791D-C033-43B9-A2B4-E9B42B055443}.Release|Any CPU.Build.0 = Release|Any CPU
	EndGlobalSection
	GlobalSection(SolutionProperties) = preSolution
		HideSolutionNode = FALSE
	EndGlobalSection
	GlobalSection(ExtensibilityGlobals) = postSolution
		SolutionGuid = {270E45B6-AA7A-489D-98F4-927A91BE452D}
	EndGlobalSection
EndGlobal
